
Microsoft Visual Studio Solution File, Format Version 12.00
# Visual Studio Version 17
VisualStudioVersion = 17.0.32126.317
MinimumVisualStudioVersion = 10.0.40219.1
Project("{FAE04EC0-301F-11D3-BF4B-00C04F79EFBC}") = "shopping", "shopping\shopping.csproj", "{C8F5D10A-22FE-4002-82D7-EB40D0ED7CC2}"
EndProject
Global
	GlobalSection(SolutionConfigurationPlatforms) = preSolution
		Debug|Any CPU = Debug|Any CPU
		Release|Any CPU = Release|Any CPU
	EndGlobalSection
	GlobalSection(ProjectConfigurationPlatforms) = postSolution
		{C8F5D10A-22FE-4002-82D7-EB40D0ED7CC2}.Debug|Any CPU.ActiveCfg = Debug|Any CPU
		{C8F5D10A-22FE-4002-82D7-EB40D0ED7CC2}.Debug|Any CPU.Build.0 = Debug|Any CPU
		{C8F5D10A-22FE-4002-82D7-EB40D0ED7CC2}.Release|Any CPU.ActiveCfg = Release|Any CPU
		{C8F5D10A-22FE-4002-82D7-EB40D0ED7CC2}.Release|Any CPU.Build.0 = Release|Any CPU
	EndGlobalSection
	GlobalSection(SolutionProperties) = preSolution
		HideSolutionNode = FALSE
	EndGlobalSection
	GlobalSection(ExtensibilityGlobals) = postSolution
		SolutionGuid = {A6DA30CE-B13C-499A-BFE3-2AB01E831193}
	EndGlobalSection
EndGlobal
